
Microsoft Visual Studio Solution File, Format Version 12.00
# Visual Studio Version 16
VisualStudioVersion = 16.0.30717.126
MinimumVisualStudioVersion = 10.0.40219.1
Project("{9A19103F-16F7-4668-BE54-9A1E7A4F7556}") = "MyProject", "MyProject.csproj", "{9DBC9AE4-8125-4B8B-AB8B-4418759F0D55}"
EndProject
Project("{FAE04EC0-301F-11D3-BF4B-00C04F79EFBC}") = "MyProject.Test", "..\MyProject.Test\MyProject.Test.csproj", "{0649555D-0DCE-4680-ACB2-F439C6A2F8D3}"
EndProject
Global
	GlobalSection(SolutionConfigurationPlatforms) = preSolution
		Debug|Any CPU = Debug|Any CPU
		Release|Any CPU = Release|Any CPU
	EndGlobalSection
	GlobalSection(ProjectConfigurationPlatforms) = postSolution
		{9DBC9AE4-8125-4B8B-AB8B-4418759F0D55}.Debug|Any CPU.ActiveCfg = Debug|Any CPU
		{9DBC9AE4-8125-4B8B-AB8B-4418759F0D55}.Debug|Any CPU.Build.0 = Debug|Any CPU
		{9DBC9AE4-8125-4B8B-AB8B-4418759F0D55}.Release|Any CPU.ActiveCfg = Release|Any CPU
		{9DBC9AE4-8125-4B8B-AB8B-4418759F0D55}.Release|Any CPU.Build.0 = Release|Any CPU
		{0649555D-0DCE-4680-ACB2-F439C6A2F8D3}.Debug|Any CPU.ActiveCfg = Debug|Any CPU
		{0649555D-0DCE-4680-ACB2-F439C6A2F8D3}.Debug|Any CPU.Build.0 = Debug|Any CPU
		{0649555D-0DCE-4680-ACB2-F439C6A2F8D3}.Release|Any CPU.ActiveCfg = Release|Any CPU
		{0649555D-0DCE-4680-ACB2-F439C6A2F8D3}.Release|Any CPU.Build.0 = Release|Any CPU
	EndGlobalSection
	GlobalSection(SolutionProperties) = preSolution
		HideSolutionNode = FALSE
	EndGlobalSection
	GlobalSection(ExtensibilityGlobals) = postSolution
		SolutionGuid = {CD80F6AB-0ACE-4943-84FD-21A6E36A34DE}
	EndGlobalSection
EndGlobal
